<?xml version="1.0" encoding="utf-8"?>
<Project ToolsVersion="4.0" xmlns="http://schemas.microsoft.com/developer/msbuild/2003">
  <ItemGroup>
    <Filter Include="Generated Files">
      <UniqueIdentifier>{71ED8ED8-ACB9-4CE9-BBE1-E00B30144E11}</UniqueIdentifier>
      <Extensions>cpp;c;cxx;moc;h;def;odl;idl;res;</Extensions>
    </Filter>
    <Filter Include="Generated Files">
      <UniqueIdentifier>{71ED8ED8-ACB9-4CE9-BBE1-E00B30144E11}</UniqueIdentifier>
      <Extensions>cpp;c;cxx;moc;h;def;odl;idl;res;</Extensions>
    </Filter>
    <Filter Include="Header Files">
      <UniqueIdentifier>{93995380-89BD-4b04-88EB-625FBE52EBFB}</UniqueIdentifier>
      <Extensions>h;hpp;hxx;hm;inl;inc;xsd</Extensions>
    </Filter>
    <Filter Include="Header Files">
      <UniqueIdentifier>{93995380-89BD-4b04-88EB-625FBE52EBFB}</UniqueIdentifier>
      <Extensions>h;hpp;hxx;hm;inl;inc;xsd</Extensions>
    </Filter>
    <Filter Include="Source Files">
      <UniqueIdentifier>{4FC737F1-C7A5-4376-A066-2A32D752A2FF}</UniqueIdentifier>
      <Extensions>cpp;c;cxx;def;odl;idl;hpj;bat;asm;asmx</Extensions>
    </Filter>
    <Filter Include="Source Files">
      <UniqueIdentifier>{4FC737F1-C7A5-4376-A066-2A32D752A2FF}</UniqueIdentifier>
      <Extensions>cpp;c;cxx;def;odl;idl;hpj;bat;asm;asmx</Extensions>
    </Filter>
    <Filter Include="Generated Files\Debug">
      <UniqueIdentifier>{f7d7549a-d246-4ef3-b80d-d86494f3721f}</UniqueIdentifier>
      <Extensions>cpp;moc</Extensions>
      <SourceControlFiles>False</SourceControlFiles>
    </Filter>
    <Filter Include="Generated Files\Release">
      <UniqueIdentifier>{8db12350-33c7-45a5-b5e5-18aaa0529e9b}</UniqueIdentifier>
      <Extensions>cpp;moc</Extensions>
      <SourceControlFiles>False</SourceControlFiles>
    </Filter>
  </ItemGroup>
  <ItemGroup>
    <ClCompile Include="MainWindow.cpp">
      <Filter>Source Files</Filter>
    </ClCompile>
    <ClCompile Include="RTRCamera.cpp">
      <Filter>Source Files</Filter>
    </ClCompile>
    <ClCompile Include="RTRGeometry.cpp">
      <Filter>Source Files</Filter>
    </ClCompile>
    <ClCompile Include="RTRKdTree.cpp">
      <Filter>Source Files</Filter>
    </ClCompile>
    <ClCompile Include="Light\RTRLightPoint.cpp">
      <Filter>Source Files</Filter>
    </ClCompile>
    <ClCompile Include="RTRMaterial.cpp">
      <Filter>Source Files</Filter>
    </ClCompile>
    <ClCompile Include="RTRMatrix.cpp">
      <Filter>Source Files</Filter>
    </ClCompile>
    <ClCompile Include="RTRModel.cpp">
      <Filter>Source Files</Filter>
    </ClCompile>
    <ClCompile Include="RTRRenderElement.cpp">
      <Filter>Source Files</Filter>
    </ClCompile>
    <ClCompile Include="RTRRenderer.cpp">
      <Filter>Source Files</Filter>
    </ClCompile>
    <ClCompile Include="RTRViewer.cpp">
      <Filter>Source Files</Filter>
    </ClCompile>
    <ClCompile Include="main.cpp">
      <Filter>Source Files</Filter>
    </ClCompile>
    <ClCompile Include="Debug\moc_MainWindow.cpp">
      <Filter>Generated Files\Debug</Filter>
    </ClCompile>
    <ClCompile Include="Release\moc_MainWindow.cpp">
      <Filter>Generated Files\Release</Filter>
    </ClCompile>
    <ClCompile Include="Debug\moc_RTRViewer.cpp">
      <Filter>Generated Files\Debug</Filter>
    </ClCompile>
    <ClCompile Include="Release\moc_RTRViewer.cpp">
      <Filter>Generated Files\Release</Filter>
    </ClCompile>
    <ClCompile Include="RTRColor.cpp">
      <Filter>Source Files</Filter>
    </ClCompile>
    <ClCompile Include="RTRVector3D.cpp">
      <Filter>Source Files</Filter>
    </ClCompile>
    <ClCompile Include="RTRVector2D.cpp">
      <Filter>Source Files</Filter>
    </ClCompile>
  </ItemGroup>
  <ItemGroup>
    <CustomBuild Include="MainWindow.h">
      <Filter>Header Files</Filter>
    </CustomBuild>
    <ClInclude Include="RTRCamera.h">
      <Filter>Header Files</Filter>
    </ClInclude>
    <ClInclude Include="RTRGeometry.h">
      <Filter>Header Files</Filter>
    </ClInclude>
    <ClInclude Include="RTRKdTree.h">
      <Filter>Header Files</Filter>
    </ClInclude>
    <ClInclude Include="Light\RTRLightAbstract.h">
      <Filter>Header Files</Filter>
    </ClInclude>
    <ClInclude Include="Light\RTRLightPoint.h">
      <Filter>Header Files</Filter>
    </ClInclude>
    <ClInclude Include="RTRMaterial.h">
      <Filter>Header Files</Filter>
    </ClInclude>
    <ClInclude Include="RTRMatrix.h">
      <Filter>Header Files</Filter>
    </ClInclude>
    <ClInclude Include="RTRModel.h">
      <Filter>Header Files</Filter>
    </ClInclude>
    <ClInclude Include="RTRRenderElement.h">
      <Filter>Header Files</Filter>
    </ClInclude>
    <ClInclude Include="RTRRenderer.h">
      <Filter>Header Files</Filter>
    </ClInclude>
    <CustomBuild Include="RTRViewer.h">
      <Filter>Header Files</Filter>
    </CustomBuild>
  </ItemGroup>
  <ItemGroup>
    <ClInclude Include="RTRColor.h">
      <Filter>Header Files</Filter>
    </ClInclude>
    <ClInclude Include="RTRModelObject.h">
      <Filter>Header Files</Filter>
    </ClInclude>
    <ClInclude Include="RTRModelVertex.h">
      <Filter>Header Files</Filter>
    </ClInclude>
    <ClInclude Include="RTRVector3D.h">
      <Filter>Header Files</Filter>
    </ClInclude>
    <ClInclude Include="RTRVector2D.h">
      <Filter>Header Files</Filter>
    </ClInclude>
    <ClInclude Include="RTRTexture.h">
      <Filter>Header Files</Filter>
    </ClInclude>
  </ItemGroup>
</Project>